// !$*UTF8*$!
{
	archiveVersion = 1;
	classes = {
	};
	objectVersion = 48;
	objects = {

/* Begin PBXBuildFile section */
		5B7E503D1FAD8352009F4684 /* AppDelegate.swift in Sources */ = {isa = PBXBuildFile; fileRef = 5B7E503C1FAD8352009F4684 /* AppDelegate.swift */; };
		5B7E503F1FAD8352009F4684 /* WelcomeVC.swift in Sources */ = {isa = PBXBuildFile; fileRef = 5B7E503E1FAD8352009F4684 /* WelcomeVC.swift */; };
		5B7E50421FAD8352009F4684 /* Main.storyboard in Resources */ = {isa = PBXBuildFile; fileRef = 5B7E50401FAD8352009F4684 /* Main.storyboard */; };
		5B7E50441FAD8352009F4684 /* Assets.xcassets in Resources */ = {isa = PBXBuildFile; fileRef = 5B7E50431FAD8352009F4684 /* Assets.xcassets */; };
		5B7E50471FAD8352009F4684 /* LaunchScreen.storyboard in Resources */ = {isa = PBXBuildFile; fileRef = 5B7E50451FAD8352009F4684 /* LaunchScreen.storyboard */; };
		5B7E50501FAD8C75009F4684 /* BorderButton.swift in Sources */ = {isa = PBXBuildFile; fileRef = 5B7E504F1FAD8C75009F4684 /* BorderButton.swift */; };
		5B7E50541FB27554009F4684 /* LeagueVC.swift in Sources */ = {isa = PBXBuildFile; fileRef = 5B7E50531FB27554009F4684 /* LeagueVC.swift */; };
		5B7E50561FB2756C009F4684 /* SkillVC.swift in Sources */ = {isa = PBXBuildFile; fileRef = 5B7E50551FB2756C009F4684 /* SkillVC.swift */; };
/* End PBXBuildFile section */

/* Begin PBXFileReference section */
		5B7E50391FAD8352009F4684 /* app-swoosh.app */ = {isa = PBXFileReference; explicitFileType = wrapper.application; includeInIndex = 0; path = "app-swoosh.app"; sourceTree = BUILT_PRODUCTS_DIR; };
		5B7E503C1FAD8352009F4684 /* AppDelegate.swift */ = {isa = PBXFileReference; lastKnownFileType = sourcecode.swift; path = AppDelegate.swift; sourceTree = "<group>"; };
		5B7E503E1FAD8352009F4684 /* WelcomeVC.swift */ = {isa = PBXFileReference; lastKnownFileType = sourcecode.swift; path = WelcomeVC.swift; sourceTree = "<group>"; };
		5B7E50411FAD8352009F4684 /* Base */ = {isa = PBXFileReference; lastKnownFileType = file.storyboard; name = Base; path = Base.lproj/Main.storyboard; sourceTree = "<group>"; };
		5B7E50431FAD8352009F4684 /* Assets.xcassets */ = {isa = PBXFileReference; lastKnownFileType = folder.assetcatalog; path = Assets.xcassets; sourceTree = "<group>"; };
		5B7E50461FAD8352009F4684 /* Base */ = {isa = PBXFileReference; lastKnownFileType = file.storyboard; name = Base; path = Base.lproj/LaunchScreen.storyboard; sourceTree = "<group>"; };
		5B7E50481FAD8352009F4684 /* Info.plist */ = {isa = PBXFileReference; lastKnownFileType = text.plist.xml; path = Info.plist; sourceTree = "<group>"; };
		5B7E504F1FAD8C75009F4684 /* BorderButton.swift */ = {isa = PBXFileReference; lastKnownFileType = sourcecode.swift; path = BorderButton.swift; sourceTree = "<group>"; };
		5B7E50531FB27554009F4684 /* LeagueVC.swift */ = {isa = PBXFileReference; lastKnownFileType = sourcecode.swift; path = LeagueVC.swift; sourceTree = "<group>"; };
		5B7E50551FB2756C009F4684 /* SkillVC.swift */ = {isa = PBXFileReference; lastKnownFileType = sourcecode.swift; path = SkillVC.swift; sourceTree = "<group>"; };
/* End PBXFileReference section */

/* Begin PBXFrameworksBuildPhase section */
		5B7E50361FAD8352009F4684 /* Frameworks */ = {
			isa = PBXFrameworksBuildPhase;
			buildActionMask = 2147483647;
			files = (
			);
			runOnlyForDeploymentPostprocessing = 0;
		};
/* End PBXFrameworksBuildPhase section */

/* Begin PBXGroup section */
		5B7E50301FAD8352009F4684 = {
			isa = PBXGroup;
			children = (
				5B7E503B1FAD8352009F4684 /* app-swoosh */,
				5B7E503A1FAD8352009F4684 /* Products */,
			);
			sourceTree = "<group>";
		};
		5B7E503A1FAD8352009F4684 /* Products */ = {
			isa = PBXGroup;
			children = (
				5B7E50391FAD8352009F4684 /* app-swoosh.app */,
			);
			name = Products;
			sourceTree = "<group>";
		};
		5B7E503B1FAD8352009F4684 /* app-swoosh */ = {
			isa = PBXGroup;
			children = (
				5B7E50521FB27437009F4684 /* Controller */,
				5B7E50511FB2742D009F4684 /* Model */,
				5B7E504E1FAD8C2D009F4684 /* View */,
				5B7E503C1FAD8352009F4684 /* AppDelegate.swift */,
				5B7E50401FAD8352009F4684 /* Main.storyboard */,
				5B7E50431FAD8352009F4684 /* Assets.xcassets */,
				5B7E50451FAD8352009F4684 /* LaunchScreen.storyboard */,
				5B7E50481FAD8352009F4684 /* Info.plist */,
			);
			path = "app-swoosh";
			sourceTree = "<group>";
		};
		5B7E504E1FAD8C2D009F4684 /* View */ = {
			isa = PBXGroup;
			children = (
				5B7E504F1FAD8C75009F4684 /* BorderButton.swift */,
			);
			path = View;
			sourceTree = "<group>";
		};
		5B7E50511FB2742D009F4684 /* Model */ = {
			isa = PBXGroup;
			children = (
			);
			path = Model;
			sourceTree = "<group>";
		};
		5B7E50521FB27437009F4684 /* Controller */ = {
			isa = PBXGroup;
			children = (
				5B7E503E1FAD8352009F4684 /* WelcomeVC.swift */,
				5B7E50531FB27554009F4684 /* LeagueVC.swift */,
				5B7E50551FB2756C009F4684 /* SkillVC.swift */,
			);
			path = Controller;
			sourceTree = "<group>";
		};
/* End PBXGroup section */

/* Begin PBXNativeTarget section */
		5B7E50381FAD8352009F4684 /* app-swoosh */ = {
			isa = PBXNativeTarget;
			buildConfigurationList = 5B7E504B1FAD8352009F4684 /* Build configuration list for PBXNativeTarget "app-swoosh" */;
			buildPhases = (
				5B7E50351FAD8352009F4684 /* Sources */,
				5B7E50361FAD8352009F4684 /* Frameworks */,
				5B7E50371FAD8352009F4684 /* Resources */,
			);
			buildRules = (
			);
			dependencies = (
			);
			name = "app-swoosh";
			productName = "app-swoosh";
			productReference = 5B7E50391FAD8352009F4684 /* app-swoosh.app */;
			productType = "com.apple.product-type.application";
		};
/* End PBXNativeTarget section */

/* Begin PBXProject section */
		5B7E50311FAD8352009F4684 /* Project object */ = {
			isa = PBXProject;
			attributes = {
				LastSwiftUpdateCheck = 0910;
				LastUpgradeCheck = 0910;
				ORGANIZATIONNAME = Terpgene;
				TargetAttributes = {
					5B7E50381FAD8352009F4684 = {
						CreatedOnToolsVersion = 9.1;
						ProvisioningStyle = Automatic;
					};
				};
			};
			buildConfigurationList = 5B7E50341FAD8352009F4684 /* Build configuration list for PBXProject "app-swoosh" */;
			compatibilityVersion = "Xcode 8.0";
			developmentRegion = en;
			hasScannedForEncodings = 0;
			knownRegions = (
				en,
				Base,
			);
			mainGroup = 5B7E50301FAD8352009F4684;
			productRefGroup = 5B7E503A1FAD8352009F4684 /* Products */;
			projectDirPath = "";
			projectRoot = "";
			targets = (
				5B7E50381FAD8352009F4684 /* app-swoosh */,
			);
		};
/* End PBXProject section */

/* Begin PBXResourcesBuildPhase section */
		5B7E50371FAD8352009F4684 /* Resources */ = {
			isa = PBXResourcesBuildPhase;
			buildActionMask = 2147483647;
			files = (
				5B7E50471FAD8352009F4684 /* LaunchScreen.storyboard in Resources */,
				5B7E50441FAD8352009F4684 /* Assets.xcassets in Resources */,
				5B7E50421FAD8352009F4684 /* Main.storyboard in Resources */,
			);
			runOnlyForDeploymentPostprocessing = 0;
		};
/* End PBXResourcesBuildPhase section */

/* Begin PBXSourcesBuildPhase section */
		5B7E50351FAD8352009F4684 /* Sources */ = {
			isa = PBXSourcesBuildPhase;
			buildActionMask = 2147483647;
			files = (
				5B7E503F1FAD8352009F4684 /* WelcomeVC.swift in Sources */,
				5B7E50541FB27554009F4684 /* LeagueVC.swift in Sources */,
				5B7E503D1FAD8352009F4684 /* AppDelegate.swift in Sources */,
				5B7E50561FB2756C009F4684 /* SkillVC.swift in Sources */,
				5B7E50501FAD8C75009F4684 /* BorderButton.swift in Sources */,
			);
			runOnlyForDeploymentPostprocessing = 0;
		};
/* End PBXSourcesBuildPhase section */

/* Begin PBXVariantGroup section */
		5B7E50401FAD8352009F4684 /* Main.storyboard */ = {
			isa = PBXVariantGroup;
			children = (
				5B7E50411FAD8352009F4684 /* Base */,
			);
			name = Main.storyboard;
			sourceTree = "<group>";
		};
		5B7E50451FAD8352009F4684 /* LaunchScreen.storyboard */ = {
			isa = PBXVariantGroup;
			children = (
				5B7E50461FAD8352009F4684 /* Base */,
			);
			name = LaunchScreen.storyboard;
			sourceTree = "<group>";
		};
/* End PBXVariantGroup section */

/* Begin XCBuildConfiguration section */
		5B7E50491FAD8352009F4684 /* Debug */ = {
			isa = XCBuildConfiguration;
			buildSettings = {
				ALWAYS_SEARCH_USER_PATHS = NO;
				CLANG_ANALYZER_NONNULL = YES;
				CLANG_ANALYZER_NUMBER_OBJECT_CONVERSION = YES_AGGRESSIVE;
				CLANG_CXX_LANGUAGE_STANDARD = "gnu++14";
				CLANG_CXX_LIBRARY = "libc++";
				CLANG_ENABLE_MODULES = YES;
				CLANG_ENABLE_OBJC_ARC = YES;
				CLANG_WARN_BLOCK_CAPTURE_AUTORELEASING = YES;
				CLANG_WARN_BOOL_CONVERSION = YES;
				CLANG_WARN_COMMA = YES;
				CLANG_WARN_CONSTANT_CONVERSION = YES;
				CLANG_WARN_DIRECT_OBJC_ISA_USAGE = YES_ERROR;
				CLANG_WARN_DOCUMENTATION_COMMENTS = YES;
				CLANG_WARN_EMPTY_BODY = YES;
				CLANG_WARN_ENUM_CONVERSION = YES;
				CLANG_WARN_INFINITE_RECURSION = YES;
				CLANG_WARN_INT_CONVERSION = YES;
				CLANG_WARN_NON_LITERAL_NULL_CONVERSION = YES;
				CLANG_WARN_OBJC_LITERAL_CONVERSION = YES;
				CLANG_WARN_OBJC_ROOT_CLASS = YES_ERROR;
				CLANG_WARN_RANGE_LOOP_ANALYSIS = YES;
				CLANG_WARN_STRICT_PROTOTYPES = YES;
				CLANG_WARN_SUSPICIOUS_MOVE = YES;
				CLANG_WARN_UNGUARDED_AVAILABILITY = YES_AGGRESSIVE;
				CLANG_WARN_UNREACHABLE_CODE = YES;
				CLANG_WARN__DUPLICATE_METHOD_MATCH = YES;
				CODE_SIGN_IDENTITY = "iPhone Developer";
				COPY_PHASE_STRIP = NO;
				DEBUG_INFORMATION_FORMAT = dwarf;
				ENABLE_STRICT_OBJC_MSGSEND = YES;
				ENABLE_TESTABILITY = YES;
				GCC_C_LANGUAGE_STANDARD = gnu11;
				GCC_DYNAMIC_NO_PIC = NO;
				GCC_NO_COMMON_BLOCKS = YES;
				GCC_OPTIMIZATION_LEVEL = 0;
				GCC_PREPROCESSOR_DEFINITIONS = (
					"DEBUG=1",
					"$(inherited)",
				);
				GCC_WARN_64_TO_32_BIT_CONVERSION = YES;
				GCC_WARN_ABOUT_RETURN_TYPE = YES_ERROR;
				GCC_WARN_UNDECLARED_SELECTOR = YES;
				GCC_WARN_UNINITIALIZED_AUTOS = YES_AGGRESSIVE;
				GCC_WARN_UNUSED_FUNCTION = YES;
				GCC_WARN_UNUSED_VARIABLE = YES;
				IPHONEOS_DEPLOYMENT_TARGET = 11.1;
				MTL_ENABLE_DEBUG_INFO = YES;
				ONLY_ACTIVE_ARCH = YES;
				SDKROOT = iphoneos;
				SWIFT_ACTIVE_COMPILATION_CONDITIONS = DEBUG;
				SWIFT_OPTIMIZATION_LEVEL = "-Onone";
			};
			name = Debug;
		};
		5B7E504A1FAD8352009F4684 /* Release */ = {
			isa = XCBuildConfiguration;
			buildSettings = {
				ALWAYS_SEARCH_USER_PATHS = NO;
				CLANG_ANALYZER_NONNULL = YES;
				CLANG_ANALYZER_NUMBER_OBJECT_CONVERSION = YES_AGGRESSIVE;
				CLANG_CXX_LANGUAGE_STANDARD = "gnu++14";
				CLANG_CXX_LIBRARY = "libc++";
				CLANG_ENABLE_MODULES = YES;
				CLANG_ENABLE_OBJC_ARC = YES;
				CLANG_WARN_BLOCK_CAPTURE_AUTORELEASING = YES;
				CLANG_WARN_BOOL_CONVERSION = YES;
				CLANG_WARN_COMMA = YES;
				CLANG_WARN_CONSTANT_CONVERSION = YES;
				CLANG_WARN_DIRECT_OBJC_ISA_USAGE = YES_ERROR;
				CLANG_WARN_DOCUMENTATION_COMMENTS = YES;
				CLANG_WARN_EMPTY_BODY = YES;
				CLANG_WARN_ENUM_CONVERSION = YES;
				CLANG_WARN_INFINITE_RECURSION = YES;
				CLANG_WARN_INT_CONVERSION = YES;
				CLANG_WARN_NON_LITERAL_NULL_CONVERSION = YES;
				CLANG_WARN_OBJC_LITERAL_CONVERSION = YES;
				CLANG_WARN_OBJC_ROOT_CLASS = YES_ERROR;
				CLANG_WARN_RANGE_LOOP_ANALYSIS = YES;
				CLANG_WARN_STRICT_PROTOTYPES = YES;
				CLANG_WARN_SUSPICIOUS_MOVE = YES;
				CLANG_WARN_UNGUARDED_AVAILABILITY = YES_AGGRESSIVE;
				CLANG_WARN_UNREACHABLE_CODE = YES;
				CLANG_WARN__DUPLICATE_METHOD_MATCH = YES;
				CODE_SIGN_IDENTITY = "iPhone Developer";
				COPY_PHASE_STRIP = NO;
				DEBUG_INFORMATION_FORMAT = "dwarf-with-dsym";
				ENABLE_NS_ASSERTIONS = NO;
				ENABLE_STRICT_OBJC_MSGSEND = YES;
				GCC_C_LANGUAGE_STANDARD = gnu11;
				GCC_NO_COMMON_BLOCKS = YES;
				GCC_WARN_64_TO_32_BIT_CONVERSION = YES;
				GCC_WARN_ABOUT_RETURN_TYPE = YES_ERROR;
				GCC_WARN_UNDECLARED_SELECTOR = YES;
				GCC_WARN_UNINITIALIZED_AUTOS = YES_AGGRESSIVE;
				GCC_WARN_UNUSED_FUNCTION = YES;
				GCC_WARN_UNUSED_VARIABLE = YES;
				IPHONEOS_DEPLOYMENT_TARGET = 11.1;
				MTL_ENABLE_DEBUG_INFO = NO;
				SDKROOT = iphoneos;
				SWIFT_OPTIMIZATION_LEVEL = "-Owholemodule";
				VALIDATE_PRODUCT = YES;
			};
			name = Release;
		};
		5B7E504C1FAD8352009F4684 /* Debug */ = {
			isa = XCBuildConfiguration;
			buildSettings = {
				ASSETCATALOG_COMPILER_APPICON_NAME = AppIcon;
				CODE_SIGN_STYLE = Automatic;
				INFOPLIST_FILE = "app-swoosh/Info.plist";
				LD_RUNPATH_SEARCH_PATHS = "$(inherited) @executable_path/Frameworks";
				PRODUCT_BUNDLE_IDENTIFIER = "com.terpgene.app-swoosh";
				PRODUCT_NAME = "$(TARGET_NAME)";
				SWIFT_VERSION = 4.0;
				TARGETED_DEVICE_FAMILY = "1,2";
			};
			name = Debug;
		};
		5B7E504D1FAD8352009F4684 /* Release */ = {
			isa = XCBuildConfiguration;
			buildSettings = {
				ASSETCATALOG_COMPILER_APPICON_NAME = AppIcon;
				CODE_SIGN_STYLE = Automatic;
				INFOPLIST_FILE = "app-swoosh/Info.plist";
				LD_RUNPATH_SEARCH_PATHS = "$(inherited) @executable_path/Frameworks";
				PRODUCT_BUNDLE_IDENTIFIER = "com.terpgene.app-swoosh";
				PRODUCT_NAME = "$(TARGET_NAME)";
				SWIFT_VERSION = 4.0;
				TARGETED_DEVICE_FAMILY = "1,2";
			};
			name = Release;
		};
/* End XCBuildConfiguration section */

/* Begin XCConfigurationList section */
		5B7E50341FAD8352009F4684 /* Build configuration list for PBXProject "app-swoosh" */ = {
			isa = XCConfigurationList;
			buildConfigurations = (
				5B7E50491FAD8352009F4684 /* Debug */,
				5B7E504A1FAD8352009F4684 /* Release */,
			);
			defaultConfigurationIsVisible = 0;
			defaultConfigurationName = Release;
		};
		5B7E504B1FAD8352009F4684 /* Build configuration list for PBXNativeTarget "app-swoosh" */ = {
			isa = XCConfigurationList;
			buildConfigurations = (
				5B7E504C1FAD8352009F4684 /* Debug */,
				5B7E504D1FAD8352009F4684 /* Release */,
			);
			defaultConfigurationIsVisible = 0;
			defaultConfigurationName = Release;
		};
/* End XCConfigurationList section */
	};
	rootObject = 5B7E50311FAD8352009F4684 /* Project object */;
}
